// !$*UTF8*$!
{
	archiveVersion = 1;
	classes = {
	};
	objectVersion = 45;
	objects = {

/* Begin PBXBuildFile section */
		1DDD58160DA1D0A300B32029 /* MainMenu.xib in Resources */ = {isa = PBXBuildFile; fileRef = 1DDD58140DA1D0A300B32029 /* MainMenu.xib */; };
		8D11072B0486CEB800E47090 /* InfoPlist.strings in Resources */ = {isa = PBXBuildFile; fileRef = 089C165CFE840E0CC02AAC07 /* InfoPlist.strings */; };
		8D11072D0486CEB800E47090 /* main.m in Sources */ = {isa = PBXBuildFile; fileRef = 29B97316FDCFA39411CA2CEA /* main.m */; settings = {ATTRIBUTES = (); }; };
		8D11072F0486CEB800E47090 /* Cocoa.framework in Frameworks */ = {isa = PBXBuildFile; fileRef = 1058C7A1FEA54F0111CA2CBB /* Cocoa.framework */; };
		960F997B1310B36E0063EC76 /* MainController.m in Sources */ = {isa = PBXBuildFile; fileRef = 960F997A1310B36E0063EC76 /* MainController.m */; };
		960F99841310B4E60063EC76 /* MainView.m in Sources */ = {isa = PBXBuildFile; fileRef = 960F99831310B4E60063EC76 /* MainView.m */; };
		960F99A01310B78F0063EC76 /* SpacesBoard.m in Sources */ = {isa = PBXBuildFile; fileRef = 960F999F1310B78F0063EC76 /* SpacesBoard.m */; };
		960F99D71310D0DA0063EC76 /* SpacesView.m in Sources */ = {isa = PBXBuildFile; fileRef = 960F99D61310D0DA0063EC76 /* SpacesView.m */; };
		963C66AF1319F216005CAD5E /* ResizeWindow.m in Sources */ = {isa = PBXBuildFile; fileRef = 963C66AE1319F216005CAD5E /* ResizeWindow.m */; };
		963C674F131A1D19005CAD5E /* PreferenceController.m in Sources */ = {isa = PBXBuildFile; fileRef = 963C674E131A1D19005CAD5E /* PreferenceController.m */; };
		963C6766131A37CB005CAD5E /* Spin-Info.plist in Resources */ = {isa = PBXBuildFile; fileRef = 963C6765131A37C5005CAD5E /* Spin-Info.plist */; };
		963C6773131A3BF1005CAD5E /* Localizable.strings in Resources */ = {isa = PBXBuildFile; fileRef = 963C6771131A3BF1005CAD5E /* Localizable.strings */; };
		9670A54F131A8F4C00F42DFA /* spin.icns in Resources */ = {isa = PBXBuildFile; fileRef = 9670A54E131A8F4C00F42DFA /* spin.icns */; };
		96F6F9A7131BBC90002B2275 /* SwitcherBoard.m in Sources */ = {isa = PBXBuildFile; fileRef = 96F6F9A6131BBC90002B2275 /* SwitcherBoard.m */; };
		96F8CFF7131E548B000E949D /* SwitcherView.m in Sources */ = {isa = PBXBuildFile; fileRef = 96F8CFF6131E548B000E949D /* SwitcherView.m */; };
/* End PBXBuildFile section */

/* Begin PBXFileReference section */
		089C165DFE840E0CC02AAC07 /* English */ = {isa = PBXFileReference; fileEncoding = 4; lastKnownFileType = text.plist.strings; name = English; path = English.lproj/InfoPlist.strings; sourceTree = "<group>"; };
		1058C7A1FEA54F0111CA2CBB /* Cocoa.framework */ = {isa = PBXFileReference; lastKnownFileType = wrapper.framework; name = Cocoa.framework; path = /System/Library/Frameworks/Cocoa.framework; sourceTree = "<absolute>"; };
		13E42FB307B3F0F600E4EEF1 /* CoreData.framework */ = {isa = PBXFileReference; lastKnownFileType = wrapper.framework; name = CoreData.framework; path = /System/Library/Frameworks/CoreData.framework; sourceTree = "<absolute>"; };
		1DDD58150DA1D0A300B32029 /* English */ = {isa = PBXFileReference; lastKnownFileType = file.xib; name = English; path = English.lproj/MainMenu.xib; sourceTree = "<group>"; };
		256AC3F00F4B6AF500CF3369 /* Spin_Prefix.pch */ = {isa = PBXFileReference; fileEncoding = 4; lastKnownFileType = sourcecode.c.h; path = Spin_Prefix.pch; sourceTree = "<group>"; };
		29B97316FDCFA39411CA2CEA /* main.m */ = {isa = PBXFileReference; fileEncoding = 4; lastKnownFileType = sourcecode.c.objc; path = main.m; sourceTree = "<group>"; };
		29B97324FDCFA39411CA2CEA /* AppKit.framework */ = {isa = PBXFileReference; lastKnownFileType = wrapper.framework; name = AppKit.framework; path = /System/Library/Frameworks/AppKit.framework; sourceTree = "<absolute>"; };
		29B97325FDCFA39411CA2CEA /* Foundation.framework */ = {isa = PBXFileReference; lastKnownFileType = wrapper.framework; name = Foundation.framework; path = /System/Library/Frameworks/Foundation.framework; sourceTree = "<absolute>"; };
		8D1107310486CEB800E47090 /* English */ = {isa = PBXFileReference; fileEncoding = 4; lastKnownFileType = text.plist.xml; name = English; path = "English.lproj/Spin-Info.plist"; sourceTree = "<group>"; };
		8D1107320486CEB800E47090 /* Spin.app */ = {isa = PBXFileReference; explicitFileType = wrapper.application; includeInIndex = 0; path = Spin.app; sourceTree = BUILT_PRODUCTS_DIR; };
		960F99791310B36E0063EC76 /* MainController.h */ = {isa = PBXFileReference; fileEncoding = 4; lastKnownFileType = sourcecode.c.h; path = MainController.h; sourceTree = "<group>"; };
		960F997A1310B36E0063EC76 /* MainController.m */ = {isa = PBXFileReference; fileEncoding = 4; lastKnownFileType = sourcecode.c.objc; path = MainController.m; sourceTree = "<group>"; };
		960F99821310B4E60063EC76 /* MainView.h */ = {isa = PBXFileReference; fileEncoding = 4; lastKnownFileType = sourcecode.c.h; path = MainView.h; sourceTree = "<group>"; };
		960F99831310B4E60063EC76 /* MainView.m */ = {isa = PBXFileReference; fileEncoding = 4; lastKnownFileType = sourcecode.c.objc; path = MainView.m; sourceTree = "<group>"; };
		960F999E1310B78F0063EC76 /* SpacesBoard.h */ = {isa = PBXFileReference; fileEncoding = 4; lastKnownFileType = sourcecode.c.h; path = SpacesBoard.h; sourceTree = "<group>"; };
		960F999F1310B78F0063EC76 /* SpacesBoard.m */ = {isa = PBXFileReference; fileEncoding = 4; lastKnownFileType = sourcecode.c.objc; path = SpacesBoard.m; sourceTree = "<group>"; };
		960F99D51310D0DA0063EC76 /* SpacesView.h */ = {isa = PBXFileReference; fileEncoding = 4; lastKnownFileType = sourcecode.c.h; path = SpacesView.h; sourceTree = "<group>"; };
		960F99D61310D0DA0063EC76 /* SpacesView.m */ = {isa = PBXFileReference; fileEncoding = 4; lastKnownFileType = sourcecode.c.objc; path = SpacesView.m; sourceTree = "<group>"; };
		960F9A771310E2300063EC76 /* CGSPrivate.h */ = {isa = PBXFileReference; fileEncoding = 4; lastKnownFileType = sourcecode.c.h; path = CGSPrivate.h; sourceTree = "<group>"; };
		961CEDBC132BAEF300F4F827 /* ja */ = {isa = PBXFileReference; lastKnownFileType = file; name = ja; path = ja.lproj/MainMenu.xib; sourceTree = "<group>"; };
		963C66AD1319F216005CAD5E /* ResizeWindow.h */ = {isa = PBXFileReference; fileEncoding = 4; lastKnownFileType = sourcecode.c.h; path = ResizeWindow.h; sourceTree = "<group>"; };
		963C66AE1319F216005CAD5E /* ResizeWindow.m */ = {isa = PBXFileReference; fileEncoding = 4; lastKnownFileType = sourcecode.c.objc; path = ResizeWindow.m; sourceTree = "<group>"; };
		963C674D131A1D19005CAD5E /* PreferenceController.h */ = {isa = PBXFileReference; fileEncoding = 4; lastKnownFileType = sourcecode.c.h; path = PreferenceController.h; sourceTree = "<group>"; };
		963C674E131A1D19005CAD5E /* PreferenceController.m */ = {isa = PBXFileReference; fileEncoding = 4; lastKnownFileType = sourcecode.c.objc; path = PreferenceController.m; sourceTree = "<group>"; };
		963C6774131A3C06005CAD5E /* English */ = {isa = PBXFileReference; lastKnownFileType = text.plist.strings; name = English; path = English.lproj/Localizable.strings; sourceTree = "<group>"; };
		9670A54E131A8F4C00F42DFA /* spin.icns */ = {isa = PBXFileReference; lastKnownFileType = image.icns; path = spin.icns; sourceTree = "<group>"; };
		9683754A132BAC540006A2BA /* ja */ = {isa = PBXFileReference; lastKnownFileType = text.plist.xml; name = ja; path = "ja.lproj/Spin-Info.plist"; sourceTree = "<group>"; };
		96F6F9A5131BBC90002B2275 /* SwitcherBoard.h */ = {isa = PBXFileReference; fileEncoding = 4; lastKnownFileType = sourcecode.c.h; path = SwitcherBoard.h; sourceTree = "<group>"; };
		96F6F9A6131BBC90002B2275 /* SwitcherBoard.m */ = {isa = PBXFileReference; fileEncoding = 4; lastKnownFileType = sourcecode.c.objc; path = SwitcherBoard.m; sourceTree = "<group>"; };
		96F8CFF5131E548B000E949D /* SwitcherView.h */ = {isa = PBXFileReference; fileEncoding = 4; lastKnownFileType = sourcecode.c.h; path = SwitcherView.h; sourceTree = "<group>"; };
		96F8CFF6131E548B000E949D /* SwitcherView.m */ = {isa = PBXFileReference; fileEncoding = 4; lastKnownFileType = sourcecode.c.objc; path = SwitcherView.m; sourceTree = "<group>"; };
/* End PBXFileReference section */

/* Begin PBXFrameworksBuildPhase section */
		8D11072E0486CEB800E47090 /* Frameworks */ = {
			isa = PBXFrameworksBuildPhase;
			buildActionMask = 2147483647;
			files = (
				8D11072F0486CEB800E47090 /* Cocoa.framework in Frameworks */,
			);
			runOnlyForDeploymentPostprocessing = 0;
		};
/* End PBXFrameworksBuildPhase section */

/* Begin PBXGroup section */
		080E96DDFE201D6D7F000001 /* Classes */ = {
			isa = PBXGroup;
			children = (
				963C66AD1319F216005CAD5E /* ResizeWindow.h */,
				963C66AE1319F216005CAD5E /* ResizeWindow.m */,
				960F99821310B4E60063EC76 /* MainView.h */,
				960F99831310B4E60063EC76 /* MainView.m */,
				963C674D131A1D19005CAD5E /* PreferenceController.h */,
				963C674E131A1D19005CAD5E /* PreferenceController.m */,
				960F999E1310B78F0063EC76 /* SpacesBoard.h */,
				960F999F1310B78F0063EC76 /* SpacesBoard.m */,
				960F99791310B36E0063EC76 /* MainController.h */,
				960F997A1310B36E0063EC76 /* MainController.m */,
				960F99D51310D0DA0063EC76 /* SpacesView.h */,
				960F99D61310D0DA0063EC76 /* SpacesView.m */,
				96F6F9A5131BBC90002B2275 /* SwitcherBoard.h */,
				96F6F9A6131BBC90002B2275 /* SwitcherBoard.m */,
				96F8CFF5131E548B000E949D /* SwitcherView.h */,
				96F8CFF6131E548B000E949D /* SwitcherView.m */,
			);
			name = Classes;
			sourceTree = "<group>";
		};
		1058C7A0FEA54F0111CA2CBB /* Linked Frameworks */ = {
			isa = PBXGroup;
			children = (
				1058C7A1FEA54F0111CA2CBB /* Cocoa.framework */,
			);
			name = "Linked Frameworks";
			sourceTree = "<group>";
		};
		1058C7A2FEA54F0111CA2CBB /* Other Frameworks */ = {
			isa = PBXGroup;
			children = (
				29B97324FDCFA39411CA2CEA /* AppKit.framework */,
				13E42FB307B3F0F600E4EEF1 /* CoreData.framework */,
				29B97325FDCFA39411CA2CEA /* Foundation.framework */,
			);
			name = "Other Frameworks";
			sourceTree = "<group>";
		};
		19C28FACFE9D520D11CA2CBB /* Products */ = {
			isa = PBXGroup;
			children = (
				8D1107320486CEB800E47090 /* Spin.app */,
			);
			name = Products;
			sourceTree = "<group>";
		};
		29B97314FDCFA39411CA2CEA /* Spin */ = {
			isa = PBXGroup;
			children = (
				960F9A771310E2300063EC76 /* CGSPrivate.h */,
				080E96DDFE201D6D7F000001 /* Classes */,
				29B97315FDCFA39411CA2CEA /* Other Sources */,
				29B97317FDCFA39411CA2CEA /* Resources */,
				29B97323FDCFA39411CA2CEA /* Frameworks */,
				19C28FACFE9D520D11CA2CBB /* Products */,
			);
			name = Spin;
			sourceTree = "<group>";
		};
		29B97315FDCFA39411CA2CEA /* Other Sources */ = {
			isa = PBXGroup;
			children = (
				256AC3F00F4B6AF500CF3369 /* Spin_Prefix.pch */,
				29B97316FDCFA39411CA2CEA /* main.m */,
			);
			name = "Other Sources";
			sourceTree = "<group>";
		};
		29B97317FDCFA39411CA2CEA /* Resources */ = {
			isa = PBXGroup;
			children = (
				9670A54E131A8F4C00F42DFA /* spin.icns */,
				963C6765131A37C5005CAD5E /* Spin-Info.plist */,
				089C165CFE840E0CC02AAC07 /* InfoPlist.strings */,
				1DDD58140DA1D0A300B32029 /* MainMenu.xib */,
				963C6771131A3BF1005CAD5E /* Localizable.strings */,
			);
			name = Resources;
			sourceTree = "<group>";
		};
		29B97323FDCFA39411CA2CEA /* Frameworks */ = {
			isa = PBXGroup;
			children = (
				1058C7A0FEA54F0111CA2CBB /* Linked Frameworks */,
				1058C7A2FEA54F0111CA2CBB /* Other Frameworks */,
			);
			name = Frameworks;
			sourceTree = "<group>";
		};
/* End PBXGroup section */

/* Begin PBXNativeTarget section */
		8D1107260486CEB800E47090 /* Spin */ = {
			isa = PBXNativeTarget;
			buildConfigurationList = C01FCF4A08A954540054247B /* Build configuration list for PBXNativeTarget "Spin" */;
			buildPhases = (
				8D1107290486CEB800E47090 /* Resources */,
				8D11072C0486CEB800E47090 /* Sources */,
				8D11072E0486CEB800E47090 /* Frameworks */,
			);
			buildRules = (
			);
			dependencies = (
			);
			name = Spin;
			productInstallPath = "$(HOME)/Applications";
			productName = Spin;
			productReference = 8D1107320486CEB800E47090 /* Spin.app */;
			productType = "com.apple.product-type.application";
		};
/* End PBXNativeTarget section */

/* Begin PBXProject section */
		29B97313FDCFA39411CA2CEA /* Project object */ = {
			isa = PBXProject;
			buildConfigurationList = C01FCF4E08A954540054247B /* Build configuration list for PBXProject "Spin" */;
			compatibilityVersion = "Xcode 3.1";
			developmentRegion = English;
			hasScannedForEncodings = 1;
			knownRegions = (
				English,
				Japanese,
				French,
				German,
				ja,
			);
			mainGroup = 29B97314FDCFA39411CA2CEA /* Spin */;
			projectDirPath = "";
			projectRoot = "";
			targets = (
				8D1107260486CEB800E47090 /* Spin */,
			);
		};
/* End PBXProject section */

/* Begin PBXResourcesBuildPhase section */
		8D1107290486CEB800E47090 /* Resources */ = {
			isa = PBXResourcesBuildPhase;
			buildActionMask = 2147483647;
			files = (
				8D11072B0486CEB800E47090 /* InfoPlist.strings in Resources */,
				1DDD58160DA1D0A300B32029 /* MainMenu.xib in Resources */,
				963C6766131A37CB005CAD5E /* Spin-Info.plist in Resources */,
				963C6773131A3BF1005CAD5E /* Localizable.strings in Resources */,
				9670A54F131A8F4C00F42DFA /* spin.icns in Resources */,
			);
			runOnlyForDeploymentPostprocessing = 0;
		};
/* End PBXResourcesBuildPhase section */

/* Begin PBXSourcesBuildPhase section */
		8D11072C0486CEB800E47090 /* Sources */ = {
			isa = PBXSourcesBuildPhase;
			buildActionMask = 2147483647;
			files = (
				8D11072D0486CEB800E47090 /* main.m in Sources */,
				960F997B1310B36E0063EC76 /* MainController.m in Sources */,
				960F99841310B4E60063EC76 /* MainView.m in Sources */,
				960F99A01310B78F0063EC76 /* SpacesBoard.m in Sources */,
				960F99D71310D0DA0063EC76 /* SpacesView.m in Sources */,
				963C66AF1319F216005CAD5E /* ResizeWindow.m in Sources */,
				963C674F131A1D19005CAD5E /* PreferenceController.m in Sources */,
				96F6F9A7131BBC90002B2275 /* SwitcherBoard.m in Sources */,
				96F8CFF7131E548B000E949D /* SwitcherView.m in Sources */,
			);
			runOnlyForDeploymentPostprocessing = 0;
		};
/* End PBXSourcesBuildPhase section */

/* Begin PBXVariantGroup section */
		089C165CFE840E0CC02AAC07 /* InfoPlist.strings */ = {
			isa = PBXVariantGroup;
			children = (
				089C165DFE840E0CC02AAC07 /* English */,
			);
			name = InfoPlist.strings;
			sourceTree = "<group>";
		};
		1DDD58140DA1D0A300B32029 /* MainMenu.xib */ = {
			isa = PBXVariantGroup;
			children = (
				1DDD58150DA1D0A300B32029 /* English */,
				961CEDBC132BAEF300F4F827 /* ja */,
			);
			name = MainMenu.xib;
			sourceTree = "<group>";
		};
		963C6765131A37C5005CAD5E /* Spin-Info.plist */ = {
			isa = PBXVariantGroup;
			children = (
				8D1107310486CEB800E47090 /* English */,
				9683754A132BAC540006A2BA /* ja */,
			);
			name = "Spin-Info.plist";
			sourceTree = "<group>";
		};
		963C6771131A3BF1005CAD5E /* Localizable.strings */ = {
			isa = PBXVariantGroup;
			children = (
				963C6774131A3C06005CAD5E /* English */,
			);
			name = Localizable.strings;
			sourceTree = "<group>";
		};
/* End PBXVariantGroup section */

/* Begin XCBuildConfiguration section */
		C01FCF4B08A954540054247B /* Debug */ = {
			isa = XCBuildConfiguration;
			buildSettings = {
				ALWAYS_SEARCH_USER_PATHS = NO;
				COPY_PHASE_STRIP = NO;
				GCC_DYNAMIC_NO_PIC = NO;
				GCC_ENABLE_FIX_AND_CONTINUE = YES;
				GCC_MODEL_TUNING = G5;
				GCC_OPTIMIZATION_LEVEL = 0;
				GCC_PRECOMPILE_PREFIX_HEADER = YES;
				GCC_PREFIX_HEADER = Spin_Prefix.pch;
				INFOPLIST_FILE = "English.lproj/Spin-Info.plist";
				INSTALL_PATH = "$(HOME)/Applications";
				PRODUCT_NAME = Spin;
			};
			name = Debug;
		};
		C01FCF4C08A954540054247B /* Release */ = {
			isa = XCBuildConfiguration;
			buildSettings = {
				ALWAYS_SEARCH_USER_PATHS = NO;
				DEBUG_INFORMATION_FORMAT = "dwarf-with-dsym";
				GCC_MODEL_TUNING = G5;
				GCC_PRECOMPILE_PREFIX_HEADER = YES;
				GCC_PREFIX_HEADER = Spin_Prefix.pch;
				INFOPLIST_FILE = "English.lproj/Spin-Info.plist";
				INSTALL_PATH = "$(HOME)/Applications";
				PRODUCT_NAME = Spin;
			};
			name = Release;
		};
		C01FCF4F08A954540054247B /* Debug */ = {
			isa = XCBuildConfiguration;
			buildSettings = {
				ARCHS = "$(ARCHS_STANDARD_32_64_BIT)";
				GCC_C_LANGUAGE_STANDARD = gnu99;
				GCC_OPTIMIZATION_LEVEL = 0;
				GCC_WARN_ABOUT_RETURN_TYPE = YES;
				GCC_WARN_UNUSED_VARIABLE = YES;
				ONLY_ACTIVE_ARCH = YES;
				PREBINDING = NO;
				SDKROOT = macosx10.6;
			};
			name = Debug;
		};
		C01FCF5008A954540054247B /* Release */ = {
			isa = XCBuildConfiguration;
			buildSettings = {
				ARCHS = "$(ARCHS_STANDARD_32_64_BIT)";
				GCC_C_LANGUAGE_STANDARD = gnu99;
				GCC_WARN_ABOUT_RETURN_TYPE = YES;
				GCC_WARN_UNUSED_VARIABLE = YES;
				PREBINDING = NO;
				SDKROOT = macosx10.6;
			};
			name = Release;
		};
/* End XCBuildConfiguration section */

/* Begin XCConfigurationList section */
		C01FCF4A08A954540054247B /* Build configuration list for PBXNativeTarget "Spin" */ = {
			isa = XCConfigurationList;
			buildConfigurations = (
				C01FCF4B08A954540054247B /* Debug */,
				C01FCF4C08A954540054247B /* Release */,
			);
			defaultConfigurationIsVisible = 0;
			defaultConfigurationName = Release;
		};
		C01FCF4E08A954540054247B /* Build configuration list for PBXProject "Spin" */ = {
			isa = XCConfigurationList;
			buildConfigurations = (
				C01FCF4F08A954540054247B /* Debug */,
				C01FCF5008A954540054247B /* Release */,
			);
			defaultConfigurationIsVisible = 0;
			defaultConfigurationName = Release;
		};
/* End XCConfigurationList section */
	};
	rootObject = 29B97313FDCFA39411CA2CEA /* Project object */;
}
